
Microsoft Visual Studio Solution File, Format Version 12.00
# Visual Studio Version 17
VisualStudioVersion = 17.11.35222.181
MinimumVisualStudioVersion = 10.0.40219.1
Project("{8BC9CEB8-8B4A-11D0-8D11-00A0C91BC942}") = "Lab_9.1", "Lab_9.1\Lab_9.1.vcxproj", "{43093652-A2ED-4E0D-ABB2-827CFB658CE5}"
EndProject
Project("{8BC9CEB8-8B4A-11D0-8D11-00A0C91BC942}") = "UnitTest", "UnitTest\UnitTest.vcxproj", "{ECD79CBB-6DA0-45A3-9AE9-FBF158E1312E}"
EndProject
Global
	GlobalSection(SolutionConfigurationPlatforms) = preSolution
		Debug|x64 = Debug|x64
		Debug|x86 = Debug|x86
		Release|x64 = Release|x64
		Release|x86 = Release|x86
	EndGlobalSection
	GlobalSection(ProjectConfigurationPlatforms) = postSolution
		{43093652-A2ED-4E0D-ABB2-827CFB658CE5}.Debug|x64.ActiveCfg = Debug|x64
		{43093652-A2ED-4E0D-ABB2-827CFB658CE5}.Debug|x64.Build.0 = Debug|x64
		{43093652-A2ED-4E0D-ABB2-827CFB658CE5}.Debug|x86.ActiveCfg = Debug|Win32
		{43093652-A2ED-4E0D-ABB2-827CFB658CE5}.Debug|x86.Build.0 = Debug|Win32
		{43093652-A2ED-4E0D-ABB2-827CFB658CE5}.Release|x64.ActiveCfg = Release|x64
		{43093652-A2ED-4E0D-ABB2-827CFB658CE5}.Release|x64.Build.0 = Release|x64
		{43093652-A2ED-4E0D-ABB2-827CFB658CE5}.Release|x86.ActiveCfg = Release|Win32
		{43093652-A2ED-4E0D-ABB2-827CFB658CE5}.Release|x86.Build.0 = Release|Win32
		{ECD79CBB-6DA0-45A3-9AE9-FBF158E1312E}.Debug|x64.ActiveCfg = Debug|x64
		{ECD79CBB-6DA0-45A3-9AE9-FBF158E1312E}.Debug|x64.Build.0 = Debug|x64
		{ECD79CBB-6DA0-45A3-9AE9-FBF158E1312E}.Debug|x86.ActiveCfg = Debug|Win32
		{ECD79CBB-6DA0-45A3-9AE9-FBF158E1312E}.Debug|x86.Build.0 = Debug|Win32
		{ECD79CBB-6DA0-45A3-9AE9-FBF158E1312E}.Release|x64.ActiveCfg = Release|x64
		{ECD79CBB-6DA0-45A3-9AE9-FBF158E1312E}.Release|x64.Build.0 = Release|x64
		{ECD79CBB-6DA0-45A3-9AE9-FBF158E1312E}.Release|x86.ActiveCfg = Release|Win32
		{ECD79CBB-6DA0-45A3-9AE9-FBF158E1312E}.Release|x86.Build.0 = Release|Win32
	EndGlobalSection
	GlobalSection(SolutionProperties) = preSolution
		HideSolutionNode = FALSE
	EndGlobalSection
	GlobalSection(ExtensibilityGlobals) = postSolution
		SolutionGuid = {11FB503D-66E1-4BF4-BDE6-7BD8B6BB369D}
	EndGlobalSection
EndGlobal
